// !$*UTF8*$!
{
	archiveVersion = 1;
	classes = {
	};
	objectVersion = 46;
	objects = {

/* Begin PBXBuildFile section */
		C4C1A4521F1F37740043F63B /* main.m in Sources */ = {isa = PBXBuildFile; fileRef = C4C1A4511F1F37740043F63B /* main.m */; };
		C4C1A4551F1F37740043F63B /* AppDelegate.m in Sources */ = {isa = PBXBuildFile; fileRef = C4C1A4541F1F37740043F63B /* AppDelegate.m */; };
		C4C1A4581F1F37740043F63B /* ViewController.m in Sources */ = {isa = PBXBuildFile; fileRef = C4C1A4571F1F37740043F63B /* ViewController.m */; };
		C4C1A45B1F1F37740043F63B /* Main.storyboard in Resources */ = {isa = PBXBuildFile; fileRef = C4C1A4591F1F37740043F63B /* Main.storyboard */; };
		C4C1A45D1F1F37740043F63B /* Assets.xcassets in Resources */ = {isa = PBXBuildFile; fileRef = C4C1A45C1F1F37740043F63B /* Assets.xcassets */; };
		C4C1A4601F1F37740043F63B /* LaunchScreen.storyboard in Resources */ = {isa = PBXBuildFile; fileRef = C4C1A45E1F1F37740043F63B /* LaunchScreen.storyboard */; };
		C4C1A46B1F1F37740043F63B /* ___pickerDemoTests.m in Sources */ = {isa = PBXBuildFile; fileRef = C4C1A46A1F1F37740043F63B /* ___pickerDemoTests.m */; };
		C4C1A4761F1F37740043F63B /* ___pickerDemoUITests.m in Sources */ = {isa = PBXBuildFile; fileRef = C4C1A4751F1F37740043F63B /* ___pickerDemoUITests.m */; };
/* End PBXBuildFile section */

/* Begin PBXContainerItemProxy section */
		C4C1A4671F1F37740043F63B /* PBXContainerItemProxy */ = {
			isa = PBXContainerItemProxy;
			containerPortal = C4C1A4451F1F37740043F63B /* Project object */;
			proxyType = 1;
			remoteGlobalIDString = C4C1A44C1F1F37740043F63B;
			remoteInfo = "省市区pickerDemo";
		};
		C4C1A4721F1F37740043F63B /* PBXContainerItemProxy */ = {
			isa = PBXContainerItemProxy;
			containerPortal = C4C1A4451F1F37740043F63B /* Project object */;
			proxyType = 1;
			remoteGlobalIDString = C4C1A44C1F1F37740043F63B;
			remoteInfo = "省市区pickerDemo";
		};
/* End PBXContainerItemProxy section */

/* Begin PBXFileReference section */
		C4C1A44D1F1F37740043F63B /* 省市区pickerDemo.app */ = {isa = PBXFileReference; explicitFileType = wrapper.application; includeInIndex = 0; path = "省市区pickerDemo.app"; sourceTree = BUILT_PRODUCTS_DIR; };
		C4C1A4511F1F37740043F63B /* main.m */ = {isa = PBXFileReference; lastKnownFileType = sourcecode.c.objc; path = main.m; sourceTree = "<group>"; };
		C4C1A4531F1F37740043F63B /* AppDelegate.h */ = {isa = PBXFileReference; lastKnownFileType = sourcecode.c.h; path = AppDelegate.h; sourceTree = "<group>"; };
		C4C1A4541F1F37740043F63B /* AppDelegate.m */ = {isa = PBXFileReference; lastKnownFileType = sourcecode.c.objc; path = AppDelegate.m; sourceTree = "<group>"; };
		C4C1A4561F1F37740043F63B /* ViewController.h */ = {isa = PBXFileReference; lastKnownFileType = sourcecode.c.h; path = ViewController.h; sourceTree = "<group>"; };
		C4C1A4571F1F37740043F63B /* ViewController.m */ = {isa = PBXFileReference; lastKnownFileType = sourcecode.c.objc; path = ViewController.m; sourceTree = "<group>"; };
		C4C1A45A1F1F37740043F63B /* Base */ = {isa = PBXFileReference; lastKnownFileType = file.storyboard; name = Base; path = Base.lproj/Main.storyboard; sourceTree = "<group>"; };
		C4C1A45C1F1F37740043F63B /* Assets.xcassets */ = {isa = PBXFileReference; lastKnownFileType = folder.assetcatalog; path = Assets.xcassets; sourceTree = "<group>"; };
		C4C1A45F1F1F37740043F63B /* Base */ = {isa = PBXFileReference; lastKnownFileType = file.storyboard; name = Base; path = Base.lproj/LaunchScreen.storyboard; sourceTree = "<group>"; };
		C4C1A4611F1F37740043F63B /* Info.plist */ = {isa = PBXFileReference; lastKnownFileType = text.plist.xml; path = Info.plist; sourceTree = "<group>"; };
		C4C1A4661F1F37740043F63B /* 省市区pickerDemoTests.xctest */ = {isa = PBXFileReference; explicitFileType = wrapper.cfbundle; includeInIndex = 0; path = "省市区pickerDemoTests.xctest"; sourceTree = BUILT_PRODUCTS_DIR; };
		C4C1A46A1F1F37740043F63B /* ___pickerDemoTests.m */ = {isa = PBXFileReference; lastKnownFileType = sourcecode.c.objc; path = "___pickerDemoTests.m"; sourceTree = "<group>"; };
		C4C1A46C1F1F37740043F63B /* Info.plist */ = {isa = PBXFileReference; lastKnownFileType = text.plist.xml; path = Info.plist; sourceTree = "<group>"; };
		C4C1A4711F1F37740043F63B /* 省市区pickerDemoUITests.xctest */ = {isa = PBXFileReference; explicitFileType = wrapper.cfbundle; includeInIndex = 0; path = "省市区pickerDemoUITests.xctest"; sourceTree = BUILT_PRODUCTS_DIR; };
		C4C1A4751F1F37740043F63B /* ___pickerDemoUITests.m */ = {isa = PBXFileReference; lastKnownFileType = sourcecode.c.objc; path = "___pickerDemoUITests.m"; sourceTree = "<group>"; };
		C4C1A4771F1F37740043F63B /* Info.plist */ = {isa = PBXFileReference; lastKnownFileType = text.plist.xml; path = Info.plist; sourceTree = "<group>"; };
/* End PBXFileReference section */

/* Begin PBXFrameworksBuildPhase section */
		C4C1A44A1F1F37740043F63B /* Frameworks */ = {
			isa = PBXFrameworksBuildPhase;
			buildActionMask = 2147483647;
			files = (
			);
			runOnlyForDeploymentPostprocessing = 0;
		};
		C4C1A4631F1F37740043F63B /* Frameworks */ = {
			isa = PBXFrameworksBuildPhase;
			buildActionMask = 2147483647;
			files = (
			);
			runOnlyForDeploymentPostprocessing = 0;
		};
		C4C1A46E1F1F37740043F63B /* Frameworks */ = {
			isa = PBXFrameworksBuildPhase;
			buildActionMask = 2147483647;
			files = (
			);
			runOnlyForDeploymentPostprocessing = 0;
		};
/* End PBXFrameworksBuildPhase section */

/* Begin PBXGroup section */
		C4C1A4441F1F37740043F63B = {
			isa = PBXGroup;
			children = (
				C4C1A44F1F1F37740043F63B /* 省市区pickerDemo */,
				C4C1A4691F1F37740043F63B /* 省市区pickerDemoTests */,
				C4C1A4741F1F37740043F63B /* 省市区pickerDemoUITests */,
				C4C1A44E1F1F37740043F63B /* Products */,
			);
			sourceTree = "<group>";
		};
		C4C1A44E1F1F37740043F63B /* Products */ = {
			isa = PBXGroup;
			children = (
				C4C1A44D1F1F37740043F63B /* 省市区pickerDemo.app */,
				C4C1A4661F1F37740043F63B /* 省市区pickerDemoTests.xctest */,
				C4C1A4711F1F37740043F63B /* 省市区pickerDemoUITests.xctest */,
			);
			name = Products;
			sourceTree = "<group>";
		};
		C4C1A44F1F1F37740043F63B /* 省市区pickerDemo */ = {
			isa = PBXGroup;
			children = (
				C4C1A4531F1F37740043F63B /* AppDelegate.h */,
				C4C1A4541F1F37740043F63B /* AppDelegate.m */,
				C4C1A4561F1F37740043F63B /* ViewController.h */,
				C4C1A4571F1F37740043F63B /* ViewController.m */,
				C4C1A4591F1F37740043F63B /* Main.storyboard */,
				C4C1A45C1F1F37740043F63B /* Assets.xcassets */,
				C4C1A45E1F1F37740043F63B /* LaunchScreen.storyboard */,
				C4C1A4611F1F37740043F63B /* Info.plist */,
				C4C1A4501F1F37740043F63B /* Supporting Files */,
			);
			path = "省市区pickerDemo";
			sourceTree = "<group>";
		};
		C4C1A4501F1F37740043F63B /* Supporting Files */ = {
			isa = PBXGroup;
			children = (
				C4C1A4511F1F37740043F63B /* main.m */,
			);
			name = "Supporting Files";
			sourceTree = "<group>";
		};
		C4C1A4691F1F37740043F63B /* 省市区pickerDemoTests */ = {
			isa = PBXGroup;
			children = (
				C4C1A46A1F1F37740043F63B /* ___pickerDemoTests.m */,
				C4C1A46C1F1F37740043F63B /* Info.plist */,
			);
			path = "省市区pickerDemoTests";
			sourceTree = "<group>";
		};
		C4C1A4741F1F37740043F63B /* 省市区pickerDemoUITests */ = {
			isa = PBXGroup;
			children = (
				C4C1A4751F1F37740043F63B /* ___pickerDemoUITests.m */,
				C4C1A4771F1F37740043F63B /* Info.plist */,
			);
			path = "省市区pickerDemoUITests";
			sourceTree = "<group>";
		};
/* End PBXGroup section */

/* Begin PBXNativeTarget section */
		C4C1A44C1F1F37740043F63B /* 省市区pickerDemo */ = {
			isa = PBXNativeTarget;
			buildConfigurationList = C4C1A47A1F1F37740043F63B /* Build configuration list for PBXNativeTarget "省市区pickerDemo" */;
			buildPhases = (
				C4C1A4491F1F37740043F63B /* Sources */,
				C4C1A44A1F1F37740043F63B /* Frameworks */,
				C4C1A44B1F1F37740043F63B /* Resources */,
			);
			buildRules = (
			);
			dependencies = (
			);
			name = "省市区pickerDemo";
			productName = "省市区pickerDemo";
			productReference = C4C1A44D1F1F37740043F63B /* 省市区pickerDemo.app */;
			productType = "com.apple.product-type.application";
		};
		C4C1A4651F1F37740043F63B /* 省市区pickerDemoTests */ = {
			isa = PBXNativeTarget;
			buildConfigurationList = C4C1A47D1F1F37740043F63B /* Build configuration list for PBXNativeTarget "省市区pickerDemoTests" */;
			buildPhases = (
				C4C1A4621F1F37740043F63B /* Sources */,
				C4C1A4631F1F37740043F63B /* Frameworks */,
				C4C1A4641F1F37740043F63B /* Resources */,
			);
			buildRules = (
			);
			dependencies = (
				C4C1A4681F1F37740043F63B /* PBXTargetDependency */,
			);
			name = "省市区pickerDemoTests";
			productName = "省市区pickerDemoTests";
			productReference = C4C1A4661F1F37740043F63B /* 省市区pickerDemoTests.xctest */;
			productType = "com.apple.product-type.bundle.unit-test";
		};
		C4C1A4701F1F37740043F63B /* 省市区pickerDemoUITests */ = {
			isa = PBXNativeTarget;
			buildConfigurationList = C4C1A4801F1F37740043F63B /* Build configuration list for PBXNativeTarget "省市区pickerDemoUITests" */;
			buildPhases = (
				C4C1A46D1F1F37740043F63B /* Sources */,
				C4C1A46E1F1F37740043F63B /* Frameworks */,
				C4C1A46F1F1F37740043F63B /* Resources */,
			);
			buildRules = (
			);
			dependencies = (
				C4C1A4731F1F37740043F63B /* PBXTargetDependency */,
			);
			name = "省市区pickerDemoUITests";
			productName = "省市区pickerDemoUITests";
			productReference = C4C1A4711F1F37740043F63B /* 省市区pickerDemoUITests.xctest */;
			productType = "com.apple.product-type.bundle.ui-testing";
		};
/* End PBXNativeTarget section */

/* Begin PBXProject section */
		C4C1A4451F1F37740043F63B /* Project object */ = {
			isa = PBXProject;
			attributes = {
				LastUpgradeCheck = 0830;
				ORGANIZATIONNAME = "辛忠志";
				TargetAttributes = {
					C4C1A44C1F1F37740043F63B = {
						CreatedOnToolsVersion = 8.3.3;
						ProvisioningStyle = Automatic;
					};
					C4C1A4651F1F37740043F63B = {
						CreatedOnToolsVersion = 8.3.3;
						ProvisioningStyle = Automatic;
						TestTargetID = C4C1A44C1F1F37740043F63B;
					};
					C4C1A4701F1F37740043F63B = {
						CreatedOnToolsVersion = 8.3.3;
						ProvisioningStyle = Automatic;
						TestTargetID = C4C1A44C1F1F37740043F63B;
					};
				};
			};
			buildConfigurationList = C4C1A4481F1F37740043F63B /* Build configuration list for PBXProject "省市区pickerDemo" */;
			compatibilityVersion = "Xcode 3.2";
			developmentRegion = English;
			hasScannedForEncodings = 0;
			knownRegions = (
				en,
				Base,
			);
			mainGroup = C4C1A4441F1F37740043F63B;
			productRefGroup = C4C1A44E1F1F37740043F63B /* Products */;
			projectDirPath = "";
			projectRoot = "";
			targets = (
				C4C1A44C1F1F37740043F63B /* 省市区pickerDemo */,
				C4C1A4651F1F37740043F63B /* 省市区pickerDemoTests */,
				C4C1A4701F1F37740043F63B /* 省市区pickerDemoUITests */,
			);
		};
/* End PBXProject section */

/* Begin PBXResourcesBuildPhase section */
		C4C1A44B1F1F37740043F63B /* Resources */ = {
			isa = PBXResourcesBuildPhase;
			buildActionMask = 2147483647;
			files = (
				C4C1A4601F1F37740043F63B /* LaunchScreen.storyboard in Resources */,
				C4C1A45D1F1F37740043F63B /* Assets.xcassets in Resources */,
				C4C1A45B1F1F37740043F63B /* Main.storyboard in Resources */,
			);
			runOnlyForDeploymentPostprocessing = 0;
		};
		C4C1A4641F1F37740043F63B /* Resources */ = {
			isa = PBXResourcesBuildPhase;
			buildActionMask = 2147483647;
			files = (
			);
			runOnlyForDeploymentPostprocessing = 0;
		};
		C4C1A46F1F1F37740043F63B /* Resources */ = {
			isa = PBXResourcesBuildPhase;
			buildActionMask = 2147483647;
			files = (
			);
			runOnlyForDeploymentPostprocessing = 0;
		};
/* End PBXResourcesBuildPhase section */

/* Begin PBXSourcesBuildPhase section */
		C4C1A4491F1F37740043F63B /* Sources */ = {
			isa = PBXSourcesBuildPhase;
			buildActionMask = 2147483647;
			files = (
				C4C1A4581F1F37740043F63B /* ViewController.m in Sources */,
				C4C1A4551F1F37740043F63B /* AppDelegate.m in Sources */,
				C4C1A4521F1F37740043F63B /* main.m in Sources */,
			);
			runOnlyForDeploymentPostprocessing = 0;
		};
		C4C1A4621F1F37740043F63B /* Sources */ = {
			isa = PBXSourcesBuildPhase;
			buildActionMask = 2147483647;
			files = (
				C4C1A46B1F1F37740043F63B /* ___pickerDemoTests.m in Sources */,
			);
			runOnlyForDeploymentPostprocessing = 0;
		};
		C4C1A46D1F1F37740043F63B /* Sources */ = {
			isa = PBXSourcesBuildPhase;
			buildActionMask = 2147483647;
			files = (
				C4C1A4761F1F37740043F63B /* ___pickerDemoUITests.m in Sources */,
			);
			runOnlyForDeploymentPostprocessing = 0;
		};
/* End PBXSourcesBuildPhase section */

/* Begin PBXTargetDependency section */
		C4C1A4681F1F37740043F63B /* PBXTargetDependency */ = {
			isa = PBXTargetDependency;
			target = C4C1A44C1F1F37740043F63B /* 省市区pickerDemo */;
			targetProxy = C4C1A4671F1F37740043F63B /* PBXContainerItemProxy */;
		};
		C4C1A4731F1F37740043F63B /* PBXTargetDependency */ = {
			isa = PBXTargetDependency;
			target = C4C1A44C1F1F37740043F63B /* 省市区pickerDemo */;
			targetProxy = C4C1A4721F1F37740043F63B /* PBXContainerItemProxy */;
		};
/* End PBXTargetDependency section */

/* Begin PBXVariantGroup section */
		C4C1A4591F1F37740043F63B /* Main.storyboard */ = {
			isa = PBXVariantGroup;
			children = (
				C4C1A45A1F1F37740043F63B /* Base */,
			);
			name = Main.storyboard;
			sourceTree = "<group>";
		};
		C4C1A45E1F1F37740043F63B /* LaunchScreen.storyboard */ = {
			isa = PBXVariantGroup;
			children = (
				C4C1A45F1F1F37740043F63B /* Base */,
			);
			name = LaunchScreen.storyboard;
			sourceTree = "<group>";
		};
/* End PBXVariantGroup section */

/* Begin XCBuildConfiguration section */
		C4C1A4781F1F37740043F63B /* Debug */ = {
			isa = XCBuildConfiguration;
			buildSettings = {
				ALWAYS_SEARCH_USER_PATHS = NO;
				CLANG_ANALYZER_NONNULL = YES;
				CLANG_ANALYZER_NUMBER_OBJECT_CONVERSION = YES_AGGRESSIVE;
				CLANG_CXX_LANGUAGE_STANDARD = "gnu++0x";
				CLANG_CXX_LIBRARY = "libc++";
				CLANG_ENABLE_MODULES = YES;
				CLANG_ENABLE_OBJC_ARC = YES;
				CLANG_WARN_BOOL_CONVERSION = YES;
				CLANG_WARN_CONSTANT_CONVERSION = YES;
				CLANG_WARN_DIRECT_OBJC_ISA_USAGE = YES_ERROR;
				CLANG_WARN_DOCUMENTATION_COMMENTS = YES;
				CLANG_WARN_EMPTY_BODY = YES;
				CLANG_WARN_ENUM_CONVERSION = YES;
				CLANG_WARN_INFINITE_RECURSION = YES;
				CLANG_WARN_INT_CONVERSION = YES;
				CLANG_WARN_OBJC_ROOT_CLASS = YES_ERROR;
				CLANG_WARN_SUSPICIOUS_MOVE = YES;
				CLANG_WARN_UNREACHABLE_CODE = YES;
				CLANG_WARN__DUPLICATE_METHOD_MATCH = YES;
				"CODE_SIGN_IDENTITY[sdk=iphoneos*]" = "iPhone Developer";
				COPY_PHASE_STRIP = NO;
				DEBUG_INFORMATION_FORMAT = dwarf;
				ENABLE_STRICT_OBJC_MSGSEND = YES;
				ENABLE_TESTABILITY = YES;
				GCC_C_LANGUAGE_STANDARD = gnu99;
				GCC_DYNAMIC_NO_PIC = NO;
				GCC_NO_COMMON_BLOCKS = YES;
				GCC_OPTIMIZATION_LEVEL = 0;
				GCC_PREPROCESSOR_DEFINITIONS = (
					"DEBUG=1",
					"$(inherited)",
				);
				GCC_WARN_64_TO_32_BIT_CONVERSION = YES;
				GCC_WARN_ABOUT_RETURN_TYPE = YES_ERROR;
				GCC_WARN_UNDECLARED_SELECTOR = YES;
				GCC_WARN_UNINITIALIZED_AUTOS = YES_AGGRESSIVE;
				GCC_WARN_UNUSED_FUNCTION = YES;
				GCC_WARN_UNUSED_VARIABLE = YES;
				IPHONEOS_DEPLOYMENT_TARGET = 10.3;
				MTL_ENABLE_DEBUG_INFO = YES;
				ONLY_ACTIVE_ARCH = YES;
				SDKROOT = iphoneos;
				TARGETED_DEVICE_FAMILY = "1,2";
			};
			name = Debug;
		};
		C4C1A4791F1F37740043F63B /* Release */ = {
			isa = XCBuildConfiguration;
			buildSettings = {
				ALWAYS_SEARCH_USER_PATHS = NO;
				CLANG_ANALYZER_NONNULL = YES;
				CLANG_ANALYZER_NUMBER_OBJECT_CONVERSION = YES_AGGRESSIVE;
				CLANG_CXX_LANGUAGE_STANDARD = "gnu++0x";
				CLANG_CXX_LIBRARY = "libc++";
				CLANG_ENABLE_MODULES = YES;
				CLANG_ENABLE_OBJC_ARC = YES;
				CLANG_WARN_BOOL_CONVERSION = YES;
				CLANG_WARN_CONSTANT_CONVERSION = YES;
				CLANG_WARN_DIRECT_OBJC_ISA_USAGE = YES_ERROR;
				CLANG_WARN_DOCUMENTATION_COMMENTS = YES;
				CLANG_WARN_EMPTY_BODY = YES;
				CLANG_WARN_ENUM_CONVERSION = YES;
				CLANG_WARN_INFINITE_RECURSION = YES;
				CLANG_WARN_INT_CONVERSION = YES;
				CLANG_WARN_OBJC_ROOT_CLASS = YES_ERROR;
				CLANG_WARN_SUSPICIOUS_MOVE = YES;
				CLANG_WARN_UNREACHABLE_CODE = YES;
				CLANG_WARN__DUPLICATE_METHOD_MATCH = YES;
				"CODE_SIGN_IDENTITY[sdk=iphoneos*]" = "iPhone Developer";
				COPY_PHASE_STRIP = NO;
				DEBUG_INFORMATION_FORMAT = "dwarf-with-dsym";
				ENABLE_NS_ASSERTIONS = NO;
				ENABLE_STRICT_OBJC_MSGSEND = YES;
				GCC_C_LANGUAGE_STANDARD = gnu99;
				GCC_NO_COMMON_BLOCKS = YES;
				GCC_WARN_64_TO_32_BIT_CONVERSION = YES;
				GCC_WARN_ABOUT_RETURN_TYPE = YES_ERROR;
				GCC_WARN_UNDECLARED_SELECTOR = YES;
				GCC_WARN_UNINITIALIZED_AUTOS = YES_AGGRESSIVE;
				GCC_WARN_UNUSED_FUNCTION = YES;
				GCC_WARN_UNUSED_VARIABLE = YES;
				IPHONEOS_DEPLOYMENT_TARGET = 10.3;
				MTL_ENABLE_DEBUG_INFO = NO;
				SDKROOT = iphoneos;
				TARGETED_DEVICE_FAMILY = "1,2";
				VALIDATE_PRODUCT = YES;
			};
			name = Release;
		};
		C4C1A47B1F1F37740043F63B /* Debug */ = {
			isa = XCBuildConfiguration;
			buildSettings = {
				ASSETCATALOG_COMPILER_APPICON_NAME = AppIcon;
				INFOPLIST_FILE = "省市区pickerDemo/Info.plist";
				LD_RUNPATH_SEARCH_PATHS = "$(inherited) @executable_path/Frameworks";
				PRODUCT_BUNDLE_IDENTIFIER = "---.---pickerDemo";
				PRODUCT_NAME = "$(TARGET_NAME)";
			};
			name = Debug;
		};
		C4C1A47C1F1F37740043F63B /* Release */ = {
			isa = XCBuildConfiguration;
			buildSettings = {
				ASSETCATALOG_COMPILER_APPICON_NAME = AppIcon;
				INFOPLIST_FILE = "省市区pickerDemo/Info.plist";
				LD_RUNPATH_SEARCH_PATHS = "$(inherited) @executable_path/Frameworks";
				PRODUCT_BUNDLE_IDENTIFIER = "---.---pickerDemo";
				PRODUCT_NAME = "$(TARGET_NAME)";
			};
			name = Release;
		};
		C4C1A47E1F1F37740043F63B /* Debug */ = {
			isa = XCBuildConfiguration;
			buildSettings = {
				BUNDLE_LOADER = "$(TEST_HOST)";
				INFOPLIST_FILE = "省市区pickerDemoTests/Info.plist";
				LD_RUNPATH_SEARCH_PATHS = "$(inherited) @executable_path/Frameworks @loader_path/Frameworks";
				PRODUCT_BUNDLE_IDENTIFIER = "---.---pickerDemoTests";
				PRODUCT_NAME = "$(TARGET_NAME)";
				TEST_HOST = "$(BUILT_PRODUCTS_DIR)/省市区pickerDemo.app/省市区pickerDemo";
			};
			name = Debug;
		};
		C4C1A47F1F1F37740043F63B /* Release */ = {
			isa = XCBuildConfiguration;
			buildSettings = {
				BUNDLE_LOADER = "$(TEST_HOST)";
				INFOPLIST_FILE = "省市区pickerDemoTests/Info.plist";
				LD_RUNPATH_SEARCH_PATHS = "$(inherited) @executable_path/Frameworks @loader_path/Frameworks";
				PRODUCT_BUNDLE_IDENTIFIER = "---.---pickerDemoTests";
				PRODUCT_NAME = "$(TARGET_NAME)";
				TEST_HOST = "$(BUILT_PRODUCTS_DIR)/省市区pickerDemo.app/省市区pickerDemo";
			};
			name = Release;
		};
		C4C1A4811F1F37740043F63B /* Debug */ = {
			isa = XCBuildConfiguration;
			buildSettings = {
				INFOPLIST_FILE = "省市区pickerDemoUITests/Info.plist";
				LD_RUNPATH_SEARCH_PATHS = "$(inherited) @executable_path/Frameworks @loader_path/Frameworks";
				PRODUCT_BUNDLE_IDENTIFIER = "---.---pickerDemoUITests";
				PRODUCT_NAME = "$(TARGET_NAME)";
				TEST_TARGET_NAME = "省市区pickerDemo";
			};
			name = Debug;
		};
		C4C1A4821F1F37740043F63B /* Release */ = {
			isa = XCBuildConfiguration;
			buildSettings = {
				INFOPLIST_FILE = "省市区pickerDemoUITests/Info.plist";
				LD_RUNPATH_SEARCH_PATHS = "$(inherited) @executable_path/Frameworks @loader_path/Frameworks";
				PRODUCT_BUNDLE_IDENTIFIER = "---.---pickerDemoUITests";
				PRODUCT_NAME = "$(TARGET_NAME)";
				TEST_TARGET_NAME = "省市区pickerDemo";
			};
			name = Release;
		};
/* End XCBuildConfiguration section */

/* Begin XCConfigurationList section */
		C4C1A4481F1F37740043F63B /* Build configuration list for PBXProject "省市区pickerDemo" */ = {
			isa = XCConfigurationList;
			buildConfigurations = (
				C4C1A4781F1F37740043F63B /* Debug */,
				C4C1A4791F1F37740043F63B /* Release */,
			);
			defaultConfigurationIsVisible = 0;
			defaultConfigurationName = Release;
		};
		C4C1A47A1F1F37740043F63B /* Build configuration list for PBXNativeTarget "省市区pickerDemo" */ = {
			isa = XCConfigurationList;
			buildConfigurations = (
				C4C1A47B1F1F37740043F63B /* Debug */,
				C4C1A47C1F1F37740043F63B /* Release */,
			);
			defaultConfigurationIsVisible = 0;
		};
		C4C1A47D1F1F37740043F63B /* Build configuration list for PBXNativeTarget "省市区pickerDemoTests" */ = {
			isa = XCConfigurationList;
			buildConfigurations = (
				C4C1A47E1F1F37740043F63B /* Debug */,
				C4C1A47F1F1F37740043F63B /* Release */,
			);
			defaultConfigurationIsVisible = 0;
		};
		C4C1A4801F1F37740043F63B /* Build configuration list for PBXNativeTarget "省市区pickerDemoUITests" */ = {
			isa = XCConfigurationList;
			buildConfigurations = (
				C4C1A4811F1F37740043F63B /* Debug */,
				C4C1A4821F1F37740043F63B /* Release */,
			);
			defaultConfigurationIsVisible = 0;
		};
/* End XCConfigurationList section */
	};
	rootObject = C4C1A4451F1F37740043F63B /* Project object */;
}
